<Solution>
  <Project Path="Grace.Unity.Network.csproj" />
  <Project Path="Grace.Unity.UI.csproj" />
  <Project Path="Grace.Unity.Core.csproj" />
  <Project Path="Grace.Unity.ML.csproj" />
  <Project Path="Grace.Unity.Render.csproj" />
  <Project Path="Grace.Unity.Input.csproj" />
  <Project Path="Grace.Unity.Audio.csproj" />
  <Project Path="Grace.Unity.EditorTools.csproj" />
  <Project Path="Grace.Unity.Recording.csproj" />
</Solution>
